
Microsoft Visual Studio Solution File, Format Version 12.00
# Visual Studio 15
VisualStudioVersion = 15.0.28307.1145
MinimumVisualStudioVersion = 10.0.40219.1
Project("{FAE04EC0-301F-11D3-BF4B-00C04F79EFBC}") = "SBack", "SBack\SBack.csproj", "{F4B28C76-6221-4C8B-9946-3AD275B86181}"
EndProject
Project("{FAE04EC0-301F-11D3-BF4B-00C04F79EFBC}") = "ORM", "ORM\ORM.csproj", "{CE6C8592-E589-4872-833E-9AF4E0A1CEF5}"
EndProject
Project("{FAE04EC0-301F-11D3-BF4B-00C04F79EFBC}") = "SFrontForm", "SFrontForm\SFrontForm.csproj", "{F4E682EA-8723-428C-B5E1-A04C76EA4399}"
	ProjectSection(ProjectDependencies) = postProject
		{F4B28C76-6221-4C8B-9946-3AD275B86181} = {F4B28C76-6221-4C8B-9946-3AD275B86181}
	EndProjectSection
EndProject
Global
	GlobalSection(SolutionConfigurationPlatforms) = preSolution
		Debug|Any CPU = Debug|Any CPU
		Release|Any CPU = Release|Any CPU
	EndGlobalSection
	GlobalSection(ProjectConfigurationPlatforms) = postSolution
		{F4B28C76-6221-4C8B-9946-3AD275B86181}.Debug|Any CPU.ActiveCfg = Debug|Any CPU
		{F4B28C76-6221-4C8B-9946-3AD275B86181}.Debug|Any CPU.Build.0 = Debug|Any CPU
		{F4B28C76-6221-4C8B-9946-3AD275B86181}.Release|Any CPU.ActiveCfg = Release|Any CPU
		{F4B28C76-6221-4C8B-9946-3AD275B86181}.Release|Any CPU.Build.0 = Release|Any CPU
		{CE6C8592-E589-4872-833E-9AF4E0A1CEF5}.Debug|Any CPU.ActiveCfg = Debug|Any CPU
		{CE6C8592-E589-4872-833E-9AF4E0A1CEF5}.Debug|Any CPU.Build.0 = Debug|Any CPU
		{CE6C8592-E589-4872-833E-9AF4E0A1CEF5}.Release|Any CPU.ActiveCfg = Release|Any CPU
		{CE6C8592-E589-4872-833E-9AF4E0A1CEF5}.Release|Any CPU.Build.0 = Release|Any CPU
		{F4E682EA-8723-428C-B5E1-A04C76EA4399}.Debug|Any CPU.ActiveCfg = Debug|Any CPU
		{F4E682EA-8723-428C-B5E1-A04C76EA4399}.Debug|Any CPU.Build.0 = Debug|Any CPU
		{F4E682EA-8723-428C-B5E1-A04C76EA4399}.Release|Any CPU.ActiveCfg = Release|Any CPU
		{F4E682EA-8723-428C-B5E1-A04C76EA4399}.Release|Any CPU.Build.0 = Release|Any CPU
	EndGlobalSection
	GlobalSection(SolutionProperties) = preSolution
		HideSolutionNode = FALSE
	EndGlobalSection
	GlobalSection(ExtensibilityGlobals) = postSolution
		SolutionGuid = {64E44560-569B-4E84-92C9-218A6CB45C1E}
	EndGlobalSection
EndGlobal
